
Microsoft Visual Studio Solution File, Format Version 12.00
# Visual Studio Version 17
VisualStudioVersion = 17.5.002.0
MinimumVisualStudioVersion = 10.0.40219.1
Project("{9A19103F-16F7-4668-BE54-9A1E7A4F7556}") = "MovieDB", "MovieDB.csproj", "{3A2E29B9-D783-4BB5-B71B-5D2A8A24EE7D}"
EndProject
Global
	GlobalSection(SolutionConfigurationPlatforms) = preSolution
		Debug|Any CPU = Debug|Any CPU
		Release|Any CPU = Release|Any CPU
	EndGlobalSection
	GlobalSection(ProjectConfigurationPlatforms) = postSolution
		{3A2E29B9-D783-4BB5-B71B-5D2A8A24EE7D}.Debug|Any CPU.ActiveCfg = Debug|Any CPU
		{3A2E29B9-D783-4BB5-B71B-5D2A8A24EE7D}.Debug|Any CPU.Build.0 = Debug|Any CPU
		{3A2E29B9-D783-4BB5-B71B-5D2A8A24EE7D}.Release|Any CPU.ActiveCfg = Release|Any CPU
		{3A2E29B9-D783-4BB5-B71B-5D2A8A24EE7D}.Release|Any CPU.Build.0 = Release|Any CPU
	EndGlobalSection
	GlobalSection(SolutionProperties) = preSolution
		HideSolutionNode = FALSE
	EndGlobalSection
	GlobalSection(ExtensibilityGlobals) = postSolution
		SolutionGuid = {65DF954B-6366-4DF1-9F37-BFF4FC5485D6}
	EndGlobalSection
EndGlobal
